lockfileVersion: 5.4

specifiers:
  project-b: workspace:^1.0.0
  typescript: ^4.8.2

dependencies:
  project-b: link:../project-b
  typescript: 4.8.2

packages:

  /typescript/4.8.2:
    resolution: {integrity: sha512-C0I1UsrrDHo2fYI5oaCGbSejwX4ch+9Y5jTQELvovfmFkK3HHSZJB8MSJcWLmCUBzQBchCrZ9rMRV6GuNrvGtw==}
    engines: {node: '>=4.2.0'}
    hasBin: true
    dev: false
